
Microsoft Visual Studio Solution File, Format Version 12.00
# Visual Studio Version 16
VisualStudioVersion = 16.0.30104.148
MinimumVisualStudioVersion = 10.0.40219.1
Project("{9A19103F-16F7-4668-BE54-9A1E7A4F7556}") = "Quarto.Auth.EF", "Quarto.Auth.EF\Quarto.Auth.EF.csproj", "{67E796CE-77DC-4F38-AE5B-9E35A3CFFB02}"
EndProject
Project("{9A19103F-16F7-4668-BE54-9A1E7A4F7556}") = "Quarto.Auth.EF.StartupEmulator", "Quarto.Auth.EF.StartupEmulator\Quarto.Auth.EF.StartupEmulator.csproj", "{280A465A-ACC0-4BB8-A89B-285BBD6B174C}"
EndProject
Project("{9A19103F-16F7-4668-BE54-9A1E7A4F7556}") = "Quarto.Auth.Models", "Quarto.Auth.Models\Quarto.Auth.Models.csproj", "{D369401E-A756-4E89-8CA5-C119B6DDB96B}"
EndProject
Global
	GlobalSection(SolutionConfigurationPlatforms) = preSolution
		Debug|Any CPU = Debug|Any CPU
		Release|Any CPU = Release|Any CPU
	EndGlobalSection
	GlobalSection(ProjectConfigurationPlatforms) = postSolution
		{67E796CE-77DC-4F38-AE5B-9E35A3CFFB02}.Debug|Any CPU.ActiveCfg = Debug|Any CPU
		{67E796CE-77DC-4F38-AE5B-9E35A3CFFB02}.Debug|Any CPU.Build.0 = Debug|Any CPU
		{67E796CE-77DC-4F38-AE5B-9E35A3CFFB02}.Release|Any CPU.ActiveCfg = Release|Any CPU
		{67E796CE-77DC-4F38-AE5B-9E35A3CFFB02}.Release|Any CPU.Build.0 = Release|Any CPU
		{280A465A-ACC0-4BB8-A89B-285BBD6B174C}.Debug|Any CPU.ActiveCfg = Debug|Any CPU
		{280A465A-ACC0-4BB8-A89B-285BBD6B174C}.Debug|Any CPU.Build.0 = Debug|Any CPU
		{280A465A-ACC0-4BB8-A89B-285BBD6B174C}.Release|Any CPU.ActiveCfg = Release|Any CPU
		{280A465A-ACC0-4BB8-A89B-285BBD6B174C}.Release|Any CPU.Build.0 = Release|Any CPU
		{D369401E-A756-4E89-8CA5-C119B6DDB96B}.Debug|Any CPU.ActiveCfg = Debug|Any CPU
		{D369401E-A756-4E89-8CA5-C119B6DDB96B}.Debug|Any CPU.Build.0 = Debug|Any CPU
		{D369401E-A756-4E89-8CA5-C119B6DDB96B}.Release|Any CPU.ActiveCfg = Release|Any CPU
		{D369401E-A756-4E89-8CA5-C119B6DDB96B}.Release|Any CPU.Build.0 = Release|Any CPU
	EndGlobalSection
	GlobalSection(SolutionProperties) = preSolution
		HideSolutionNode = FALSE
	EndGlobalSection
	GlobalSection(ExtensibilityGlobals) = postSolution
		SolutionGuid = {24AE5647-C26E-4A33-A484-8BD7A5F21913}
	EndGlobalSection
EndGlobal
