
Microsoft Visual Studio Solution File, Format Version 12.00
# Visual Studio Version 16
VisualStudioVersion = 16.0.30104.148
MinimumVisualStudioVersion = 10.0.40219.1
Project("{FAE04EC0-301F-11D3-BF4B-00C04F79EFBC}") = "Quarto.Common", "Quarto.Common\Quarto.Common.csproj", "{5951AC29-6EE1-4058-BAFC-B38572DE367C}"
EndProject
Global
	GlobalSection(SolutionConfigurationPlatforms) = preSolution
		Debug|Any CPU = Debug|Any CPU
		Release|Any CPU = Release|Any CPU
	EndGlobalSection
	GlobalSection(ProjectConfigurationPlatforms) = postSolution
		{5951AC29-6EE1-4058-BAFC-B38572DE367C}.Debug|Any CPU.ActiveCfg = Debug|Any CPU
		{5951AC29-6EE1-4058-BAFC-B38572DE367C}.Debug|Any CPU.Build.0 = Debug|Any CPU
		{5951AC29-6EE1-4058-BAFC-B38572DE367C}.Release|Any CPU.ActiveCfg = Release|Any CPU
		{5951AC29-6EE1-4058-BAFC-B38572DE367C}.Release|Any CPU.Build.0 = Release|Any CPU
	EndGlobalSection
	GlobalSection(SolutionProperties) = preSolution
		HideSolutionNode = FALSE
	EndGlobalSection
	GlobalSection(ExtensibilityGlobals) = postSolution
		SolutionGuid = {24AE5647-C26E-4A33-A484-8BD7A5F21913}
	EndGlobalSection
EndGlobal
