
Microsoft Visual Studio Solution File, Format Version 12.00
# Visual Studio Version 16
VisualStudioVersion = 16.0.30104.148
MinimumVisualStudioVersion = 10.0.40219.1
Project("{9A19103F-16F7-4668-BE54-9A1E7A4F7556}") = "Quarto.Auth.EF", "..\Quarto.Auth.EF\Quarto.Auth.EF.csproj", "{A2F83899-1F1D-4485-A767-8981E69256F2}"
EndProject
Project("{9A19103F-16F7-4668-BE54-9A1E7A4F7556}") = "Quarto.Auth.EF.StartupEmulator", "..\Quarto.Auth.EF.StartupEmulator\Quarto.Auth.EF.StartupEmulator.csproj", "{60D16ACA-2C11-4238-9C29-EF80CCE258BB}"
EndProject
Project("{FAE04EC0-301F-11D3-BF4B-00C04F79EFBC}") = "Quarto.Api.EF", "Quarto.Api.EF\Quarto.Api.EF.csproj", "{96EFFB8A-E765-433E-BA06-30E0E58ABC82}"
EndProject
Global
	GlobalSection(SolutionConfigurationPlatforms) = preSolution
		Debug|Any CPU = Debug|Any CPU
		Release|Any CPU = Release|Any CPU
	EndGlobalSection
	GlobalSection(ProjectConfigurationPlatforms) = postSolution
		{A2F83899-1F1D-4485-A767-8981E69256F2}.Debug|Any CPU.ActiveCfg = Debug|Any CPU
		{A2F83899-1F1D-4485-A767-8981E69256F2}.Debug|Any CPU.Build.0 = Debug|Any CPU
		{A2F83899-1F1D-4485-A767-8981E69256F2}.Release|Any CPU.ActiveCfg = Release|Any CPU
		{A2F83899-1F1D-4485-A767-8981E69256F2}.Release|Any CPU.Build.0 = Release|Any CPU
		{60D16ACA-2C11-4238-9C29-EF80CCE258BB}.Debug|Any CPU.ActiveCfg = Debug|Any CPU
		{60D16ACA-2C11-4238-9C29-EF80CCE258BB}.Debug|Any CPU.Build.0 = Debug|Any CPU
		{60D16ACA-2C11-4238-9C29-EF80CCE258BB}.Release|Any CPU.ActiveCfg = Release|Any CPU
		{60D16ACA-2C11-4238-9C29-EF80CCE258BB}.Release|Any CPU.Build.0 = Release|Any CPU
		{96EFFB8A-E765-433E-BA06-30E0E58ABC82}.Debug|Any CPU.ActiveCfg = Debug|Any CPU
		{96EFFB8A-E765-433E-BA06-30E0E58ABC82}.Debug|Any CPU.Build.0 = Debug|Any CPU
		{96EFFB8A-E765-433E-BA06-30E0E58ABC82}.Release|Any CPU.ActiveCfg = Release|Any CPU
		{96EFFB8A-E765-433E-BA06-30E0E58ABC82}.Release|Any CPU.Build.0 = Release|Any CPU
	EndGlobalSection
	GlobalSection(SolutionProperties) = preSolution
		HideSolutionNode = FALSE
	EndGlobalSection
	GlobalSection(ExtensibilityGlobals) = postSolution
		SolutionGuid = {92CD35BE-34CE-4C84-9E8C-F68F5D320A4E}
	EndGlobalSection
EndGlobal
